// !$*UTF8*$!
{
	archiveVersion = 1;
	classes = {
	};
	objectVersion = 46;
	objects = {

/* Begin PBXBuildFile section */
		2804864F1BC074E4003BA360 /* AppErrors.swift in Sources */ = {isa = PBXBuildFile; fileRef = 2804864E1BC074E4003BA360 /* AppErrors.swift */; };
		280486511BC08216003BA360 /* PeriodicStarter.swift in Sources */ = {isa = PBXBuildFile; fileRef = 280486501BC08216003BA360 /* PeriodicStarter.swift */; };
		280486531BC08711003BA360 /* SearchViewController.swift in Sources */ = {isa = PBXBuildFile; fileRef = 280486521BC08711003BA360 /* SearchViewController.swift */; };
		280486551BC087B6003BA360 /* SearchViewModel.swift in Sources */ = {isa = PBXBuildFile; fileRef = 280486541BC087B6003BA360 /* SearchViewModel.swift */; };
		280486571BC087F4003BA360 /* Settings.swift in Sources */ = {isa = PBXBuildFile; fileRef = 280486561BC087F4003BA360 /* Settings.swift */; };
		280486591BC0917B003BA360 /* MapItem.swift in Sources */ = {isa = PBXBuildFile; fileRef = 280486581BC0917B003BA360 /* MapItem.swift */; };
		2804865B1BC091C5003BA360 /* CoreLocation.framework in Frameworks */ = {isa = PBXBuildFile; fileRef = 2804865A1BC091C5003BA360 /* CoreLocation.framework */; };
		2804865E1BC092F2003BA360 /* MapKit.framework in Frameworks */ = {isa = PBXBuildFile; fileRef = 2804865D1BC092F2003BA360 /* MapKit.framework */; };
		280493591BA8BB4800990BD1 /* AppDelegate.swift in Sources */ = {isa = PBXBuildFile; fileRef = 280493581BA8BB4800990BD1 /* AppDelegate.swift */; };
		2804935E1BA8BB4800990BD1 /* Main.storyboard in Resources */ = {isa = PBXBuildFile; fileRef = 2804935C1BA8BB4800990BD1 /* Main.storyboard */; };
		280493601BA8BB4800990BD1 /* Assets.xcassets in Resources */ = {isa = PBXBuildFile; fileRef = 2804935F1BA8BB4800990BD1 /* Assets.xcassets */; };
		280493631BA8BB4800990BD1 /* LaunchScreen.storyboard in Resources */ = {isa = PBXBuildFile; fileRef = 280493611BA8BB4800990BD1 /* LaunchScreen.storyboard */; };
		280493791BA8BB4800990BD1 /* ScotTrafficUITests.swift in Sources */ = {isa = PBXBuildFile; fileRef = 280493781BA8BB4800990BD1 /* ScotTrafficUITests.swift */; };
		2813B2D91BE647550017F847 /* DiskCache.swift in Sources */ = {isa = PBXBuildFile; fileRef = 2813B2D81BE647550017F847 /* DiskCache.swift */; };
		2813B2DB1BE647C90017F847 /* CachedHTTPDataSource.swift in Sources */ = {isa = PBXBuildFile; fileRef = 2813B2DA1BE647C90017F847 /* CachedHTTPDataSource.swift */; };
		2813B2DD1BE655020017F847 /* DataSource.swift in Sources */ = {isa = PBXBuildFile; fileRef = 2813B2DC1BE655020017F847 /* DataSource.swift */; };
		2817D92D1BC5D2B70082F4A7 /* WithFlag.swift in Sources */ = {isa = PBXBuildFile; fileRef = 2817D92C1BC5D2B70082F4A7 /* WithFlag.swift */; };
		2841A0F01BCD9B3900D22A8E /* EitherTests.swift in Sources */ = {isa = PBXBuildFile; fileRef = 2841A0EF1BCD9B3900D22A8E /* EitherTests.swift */; };
		284DE0961BBDCD4200E6A678 /* Either.swift in Sources */ = {isa = PBXBuildFile; fileRef = 284DE0951BBDCD4200E6A678 /* Either.swift */; };
		284DE0981BBDD0D800E6A678 /* AppModel.swift in Sources */ = {isa = PBXBuildFile; fileRef = 284DE0971BBDD0D800E6A678 /* AppModel.swift */; };
		286559151BC1DCB70058A35A /* Favourites.swift in Sources */ = {isa = PBXBuildFile; fileRef = 286559141BC1DCB70058A35A /* Favourites.swift */; };
		2865591A1BC2A7200058A35A /* FRP-UI-Extensions.swift in Sources */ = {isa = PBXBuildFile; fileRef = 286559191BC2A7200058A35A /* FRP-UI-Extensions.swift */; };
		2865591E1BC316590058A35A /* AppCoordinator.swift in Sources */ = {isa = PBXBuildFile; fileRef = 2865591D1BC316590058A35A /* AppCoordinator.swift */; };
		286559211BC3182C0058A35A /* MapViewController.swift in Sources */ = {isa = PBXBuildFile; fileRef = 286559201BC3182C0058A35A /* MapViewController.swift */; };
		286559231BC3198D0058A35A /* MapViewModel.swift in Sources */ = {isa = PBXBuildFile; fileRef = 286559221BC3198D0058A35A /* MapViewModel.swift */; };
		286559251BC31D020058A35A /* MapAnnotation.swift in Sources */ = {isa = PBXBuildFile; fileRef = 286559241BC31D020058A35A /* MapAnnotation.swift */; };
		286559271BC32D880058A35A /* ImageCompositor.swift in Sources */ = {isa = PBXBuildFile; fileRef = 286559261BC32D880058A35A /* ImageCompositor.swift */; };
		287B230D1BE511E400DBF3F1 /* ContainerAnnotationView.swift in Sources */ = {isa = PBXBuildFile; fileRef = 287B230C1BE511E400DBF3F1 /* ContainerAnnotationView.swift */; };
		28875EA41BBC72FB00E67A16 /* Network.swift in Sources */ = {isa = PBXBuildFile; fileRef = 28875EA31BBC72FB00E67A16 /* Network.swift */; };
		28875EA71BBC739100E67A16 /* JSON.swift in Sources */ = {isa = PBXBuildFile; fileRef = 28875EA61BBC739100E67A16 /* JSON.swift */; };
		28875EA91BBC7A2F00E67A16 /* JSONTests.swift in Sources */ = {isa = PBXBuildFile; fileRef = 28875EA81BBC7A2F00E67A16 /* JSONTests.swift */; };
		288AC88D1BCFA062004EA6A0 /* MapItemCollectionViewCell.swift in Sources */ = {isa = PBXBuildFile; fileRef = 288AC88C1BCFA062004EA6A0 /* MapItemCollectionViewCell.swift */; };
		288AC88F1BCFA43B004EA6A0 /* SharableItem.swift in Sources */ = {isa = PBXBuildFile; fileRef = 288AC88E1BCFA43B004EA6A0 /* SharableItem.swift */; };
		288AC8911BCFABE2004EA6A0 /* SafetyCameraCell.swift in Sources */ = {isa = PBXBuildFile; fileRef = 288AC8901BCFABE2004EA6A0 /* SafetyCameraCell.swift */; };
		288AC8931BCFB954004EA6A0 /* IncidentCell.swift in Sources */ = {isa = PBXBuildFile; fileRef = 288AC8921BCFB954004EA6A0 /* IncidentCell.swift */; };
		28903ABE1BE62E2500EC8054 /* Reachability.swift in Sources */ = {isa = PBXBuildFile; fileRef = 28903ABD1BE62E2500EC8054 /* Reachability.swift */; };
		289201D21BBC580300DA4A9A /* TrafficCameras.swift in Sources */ = {isa = PBXBuildFile; fileRef = 289201D11BBC580300DA4A9A /* TrafficCameras.swift */; };
		289201D41BBC5AEB00DA4A9A /* FRP.swift in Sources */ = {isa = PBXBuildFile; fileRef = 289201D31BBC5AEB00DA4A9A /* FRP.swift */; };
		28AF4A051BD6ECD9009B0AE8 /* SearchResultCell.swift in Sources */ = {isa = PBXBuildFile; fileRef = 28AF4A041BD6ECD9009B0AE8 /* SearchResultCell.swift */; };
		28AF4A071BD82342009B0AE8 /* FadeTransition.swift in Sources */ = {isa = PBXBuildFile; fileRef = 28AF4A061BD82342009B0AE8 /* FadeTransition.swift */; };
		28AF4A0B1BD849C0009B0AE8 /* PopoverContentSize.swift in Sources */ = {isa = PBXBuildFile; fileRef = 28AF4A0A1BD849C0009B0AE8 /* PopoverContentSize.swift */; };
		28BFBC5B1BBC91AA00827069 /* FRPTests.swift in Sources */ = {isa = PBXBuildFile; fileRef = 28BFBC5A1BBC91AA00827069 /* FRPTests.swift */; };
		28DB3BF31BC025D0001AAC2A /* Functions.swift in Sources */ = {isa = PBXBuildFile; fileRef = 28DB3BF21BC025D0001AAC2A /* Functions.swift */; };
		28DB3BF51BC02892001AAC2A /* SafetyCameras.swift in Sources */ = {isa = PBXBuildFile; fileRef = 28DB3BF41BC02892001AAC2A /* SafetyCameras.swift */; };
		28DB3BF81BC02968001AAC2A /* Weather.swift in Sources */ = {isa = PBXBuildFile; fileRef = 28DB3BF71BC02968001AAC2A /* Weather.swift */; };
		28DB3BFA1BC02C88001AAC2A /* Incidents.swift in Sources */ = {isa = PBXBuildFile; fileRef = 28DB3BF91BC02C88001AAC2A /* Incidents.swift */; };
		28F6009F1BDB8E3E00ED71CA /* NGSplitViewController.swift in Sources */ = {isa = PBXBuildFile; fileRef = 28F6009E1BDB8E3E00ED71CA /* NGSplitViewController.swift */; };
		710535651BCC141C00FDB70C /* UserDefaultsProtocol.swift in Sources */ = {isa = PBXBuildFile; fileRef = 710535641BCC141C00FDB70C /* UserDefaultsProtocol.swift */; };
		7105356C1BCDA83A00FDB70C /* SearchViewModelTests.swift in Sources */ = {isa = PBXBuildFile; fileRef = 7105356A1BCDA83A00FDB70C /* SearchViewModelTests.swift */; };
		7105356D1BCDA83A00FDB70C /* TestAppModel.swift in Sources */ = {isa = PBXBuildFile; fileRef = 7105356B1BCDA83A00FDB70C /* TestAppModel.swift */; };
		716D9E951BCA5EA1005A6B49 /* MapItemCollectionViewController.swift in Sources */ = {isa = PBXBuildFile; fileRef = 716D9E941BCA5EA1005A6B49 /* MapItemCollectionViewController.swift */; };
		716D9E971BCA614D005A6B49 /* MapItemCollectionViewModel.swift in Sources */ = {isa = PBXBuildFile; fileRef = 716D9E961BCA614D005A6B49 /* MapItemCollectionViewModel.swift */; };
		716D9E991BCBC2F1005A6B49 /* ScotTraffic.swift in Sources */ = {isa = PBXBuildFile; fileRef = 716D9E981BCBC2F1005A6B49 /* ScotTraffic.swift */; };
		718F00BD1BCDA8D600D51B43 /* Data in Resources */ = {isa = PBXBuildFile; fileRef = 710535661BCDA81E00FDB70C /* Data */; };
		718F00C21BCEFC8000D51B43 /* BridgeStatusCell.xib in Resources */ = {isa = PBXBuildFile; fileRef = 718F00BE1BCEFC8000D51B43 /* BridgeStatusCell.xib */; };
		718F00C31BCEFC8000D51B43 /* TrafficCameraCell.xib in Resources */ = {isa = PBXBuildFile; fileRef = 718F00BF1BCEFC8000D51B43 /* TrafficCameraCell.xib */; };
		718F00C41BCEFC8000D51B43 /* IncidentCell.xib in Resources */ = {isa = PBXBuildFile; fileRef = 718F00C01BCEFC8000D51B43 /* IncidentCell.xib */; };
		718F00C51BCEFC8000D51B43 /* SafetyCameraCell.xib in Resources */ = {isa = PBXBuildFile; fileRef = 718F00C11BCEFC8000D51B43 /* SafetyCameraCell.xib */; };
		718F00C91BCEFF8800D51B43 /* TrafficCameraCell.swift in Sources */ = {isa = PBXBuildFile; fileRef = 718F00C81BCEFF8800D51B43 /* TrafficCameraCell.swift */; };
		718F00CB1BCF070500D51B43 /* ImageSupplier.swift in Sources */ = {isa = PBXBuildFile; fileRef = 718F00CA1BCF070500D51B43 /* ImageSupplier.swift */; };
/* End PBXBuildFile section */

/* Begin PBXContainerItemProxy section */
		2804936A1BA8BB4800990BD1 /* PBXContainerItemProxy */ = {
			isa = PBXContainerItemProxy;
			containerPortal = 2804934D1BA8BB4800990BD1 /* Project object */;
			proxyType = 1;
			remoteGlobalIDString = 280493541BA8BB4800990BD1;
			remoteInfo = ScotTraffic;
		};
		280493751BA8BB4800990BD1 /* PBXContainerItemProxy */ = {
			isa = PBXContainerItemProxy;
			containerPortal = 2804934D1BA8BB4800990BD1 /* Project object */;
			proxyType = 1;
			remoteGlobalIDString = 280493541BA8BB4800990BD1;
			remoteInfo = ScotTraffic;
		};
/* End PBXContainerItemProxy section */

/* Begin PBXFileReference section */
		2804864E1BC074E4003BA360 /* AppErrors.swift */ = {isa = PBXFileReference; fileEncoding = 4; lastKnownFileType = sourcecode.swift; path = AppErrors.swift; sourceTree = "<group>"; };
		280486501BC08216003BA360 /* PeriodicStarter.swift */ = {isa = PBXFileReference; fileEncoding = 4; lastKnownFileType = sourcecode.swift; path = PeriodicStarter.swift; sourceTree = "<group>"; };
		280486521BC08711003BA360 /* SearchViewController.swift */ = {isa = PBXFileReference; fileEncoding = 4; lastKnownFileType = sourcecode.swift; path = SearchViewController.swift; sourceTree = "<group>"; };
		280486541BC087B6003BA360 /* SearchViewModel.swift */ = {isa = PBXFileReference; fileEncoding = 4; lastKnownFileType = sourcecode.swift; path = SearchViewModel.swift; sourceTree = "<group>"; };
		280486561BC087F4003BA360 /* Settings.swift */ = {isa = PBXFileReference; fileEncoding = 4; lastKnownFileType = sourcecode.swift; path = Settings.swift; sourceTree = "<group>"; };
		280486581BC0917B003BA360 /* MapItem.swift */ = {isa = PBXFileReference; fileEncoding = 4; lastKnownFileType = sourcecode.swift; path = MapItem.swift; sourceTree = "<group>"; };
		2804865A1BC091C5003BA360 /* CoreLocation.framework */ = {isa = PBXFileReference; lastKnownFileType = wrapper.framework; name = CoreLocation.framework; path = System/Library/Frameworks/CoreLocation.framework; sourceTree = SDKROOT; };
		2804865D1BC092F2003BA360 /* MapKit.framework */ = {isa = PBXFileReference; lastKnownFileType = wrapper.framework; name = MapKit.framework; path = System/Library/Frameworks/MapKit.framework; sourceTree = SDKROOT; };
		280493551BA8BB4800990BD1 /* ScotTraffic.app */ = {isa = PBXFileReference; explicitFileType = wrapper.application; includeInIndex = 0; path = ScotTraffic.app; sourceTree = BUILT_PRODUCTS_DIR; };
		280493581BA8BB4800990BD1 /* AppDelegate.swift */ = {isa = PBXFileReference; lastKnownFileType = sourcecode.swift; path = AppDelegate.swift; sourceTree = "<group>"; };
		2804935D1BA8BB4800990BD1 /* Base */ = {isa = PBXFileReference; lastKnownFileType = file.storyboard; name = Base; path = Base.lproj/Main.storyboard; sourceTree = "<group>"; };
		2804935F1BA8BB4800990BD1 /* Assets.xcassets */ = {isa = PBXFileReference; lastKnownFileType = folder.assetcatalog; path = Assets.xcassets; sourceTree = "<group>"; };
		280493621BA8BB4800990BD1 /* Base */ = {isa = PBXFileReference; lastKnownFileType = file.storyboard; name = Base; path = Base.lproj/LaunchScreen.storyboard; sourceTree = "<group>"; };
		280493641BA8BB4800990BD1 /* Info.plist */ = {isa = PBXFileReference; lastKnownFileType = text.plist.xml; path = Info.plist; sourceTree = "<group>"; };
		280493691BA8BB4800990BD1 /* ScotTrafficTests.xctest */ = {isa = PBXFileReference; explicitFileType = wrapper.cfbundle; includeInIndex = 0; path = ScotTrafficTests.xctest; sourceTree = BUILT_PRODUCTS_DIR; };
		2804936F1BA8BB4800990BD1 /* Info.plist */ = {isa = PBXFileReference; lastKnownFileType = text.plist.xml; path = Info.plist; sourceTree = "<group>"; };
		280493741BA8BB4800990BD1 /* ScotTrafficUITests.xctest */ = {isa = PBXFileReference; explicitFileType = wrapper.cfbundle; includeInIndex = 0; path = ScotTrafficUITests.xctest; sourceTree = BUILT_PRODUCTS_DIR; };
		280493781BA8BB4800990BD1 /* ScotTrafficUITests.swift */ = {isa = PBXFileReference; lastKnownFileType = sourcecode.swift; path = ScotTrafficUITests.swift; sourceTree = "<group>"; };
		2804937A1BA8BB4800990BD1 /* Info.plist */ = {isa = PBXFileReference; lastKnownFileType = text.plist.xml; path = Info.plist; sourceTree = "<group>"; };
		2813B2D81BE647550017F847 /* DiskCache.swift */ = {isa = PBXFileReference; fileEncoding = 4; lastKnownFileType = sourcecode.swift; path = DiskCache.swift; sourceTree = "<group>"; };
		2813B2DA1BE647C90017F847 /* CachedHTTPDataSource.swift */ = {isa = PBXFileReference; fileEncoding = 4; lastKnownFileType = sourcecode.swift; path = CachedHTTPDataSource.swift; sourceTree = "<group>"; };
		2813B2DC1BE655020017F847 /* DataSource.swift */ = {isa = PBXFileReference; fileEncoding = 4; lastKnownFileType = sourcecode.swift; path = DataSource.swift; sourceTree = "<group>"; };
		2817D92C1BC5D2B70082F4A7 /* WithFlag.swift */ = {isa = PBXFileReference; fileEncoding = 4; lastKnownFileType = sourcecode.swift; path = WithFlag.swift; sourceTree = "<group>"; };
		2841A0EF1BCD9B3900D22A8E /* EitherTests.swift */ = {isa = PBXFileReference; fileEncoding = 4; lastKnownFileType = sourcecode.swift; path = EitherTests.swift; sourceTree = "<group>"; };
		284DE0951BBDCD4200E6A678 /* Either.swift */ = {isa = PBXFileReference; fileEncoding = 4; lastKnownFileType = sourcecode.swift; path = Either.swift; sourceTree = "<group>"; };
		284DE0971BBDD0D800E6A678 /* AppModel.swift */ = {isa = PBXFileReference; fileEncoding = 4; lastKnownFileType = sourcecode.swift; path = AppModel.swift; sourceTree = "<group>"; };
		286559141BC1DCB70058A35A /* Favourites.swift */ = {isa = PBXFileReference; fileEncoding = 4; lastKnownFileType = sourcecode.swift; path = Favourites.swift; sourceTree = "<group>"; };
		286559191BC2A7200058A35A /* FRP-UI-Extensions.swift */ = {isa = PBXFileReference; fileEncoding = 4; lastKnownFileType = sourcecode.swift; path = "FRP-UI-Extensions.swift"; sourceTree = "<group>"; };
		2865591D1BC316590058A35A /* AppCoordinator.swift */ = {isa = PBXFileReference; fileEncoding = 4; lastKnownFileType = sourcecode.swift; path = AppCoordinator.swift; sourceTree = "<group>"; };
		286559201BC3182C0058A35A /* MapViewController.swift */ = {isa = PBXFileReference; fileEncoding = 4; lastKnownFileType = sourcecode.swift; path = MapViewController.swift; sourceTree = "<group>"; };
		286559221BC3198D0058A35A /* MapViewModel.swift */ = {isa = PBXFileReference; fileEncoding = 4; lastKnownFileType = sourcecode.swift; path = MapViewModel.swift; sourceTree = "<group>"; };
		286559241BC31D020058A35A /* MapAnnotation.swift */ = {isa = PBXFileReference; fileEncoding = 4; lastKnownFileType = sourcecode.swift; path = MapAnnotation.swift; sourceTree = "<group>"; };
		286559261BC32D880058A35A /* ImageCompositor.swift */ = {isa = PBXFileReference; fileEncoding = 4; lastKnownFileType = sourcecode.swift; path = ImageCompositor.swift; sourceTree = "<group>"; };
		287B230C1BE511E400DBF3F1 /* ContainerAnnotationView.swift */ = {isa = PBXFileReference; fileEncoding = 4; lastKnownFileType = sourcecode.swift; path = ContainerAnnotationView.swift; sourceTree = "<group>"; };
		28875EA31BBC72FB00E67A16 /* Network.swift */ = {isa = PBXFileReference; fileEncoding = 4; lastKnownFileType = sourcecode.swift; path = Network.swift; sourceTree = "<group>"; };
		28875EA61BBC739100E67A16 /* JSON.swift */ = {isa = PBXFileReference; fileEncoding = 4; lastKnownFileType = sourcecode.swift; path = JSON.swift; sourceTree = "<group>"; };
		28875EA81BBC7A2F00E67A16 /* JSONTests.swift */ = {isa = PBXFileReference; fileEncoding = 4; lastKnownFileType = sourcecode.swift; path = JSONTests.swift; sourceTree = "<group>"; };
		288AC88C1BCFA062004EA6A0 /* MapItemCollectionViewCell.swift */ = {isa = PBXFileReference; fileEncoding = 4; lastKnownFileType = sourcecode.swift; path = MapItemCollectionViewCell.swift; sourceTree = "<group>"; };
		288AC88E1BCFA43B004EA6A0 /* SharableItem.swift */ = {isa = PBXFileReference; fileEncoding = 4; lastKnownFileType = sourcecode.swift; path = SharableItem.swift; sourceTree = "<group>"; };
		288AC8901BCFABE2004EA6A0 /* SafetyCameraCell.swift */ = {isa = PBXFileReference; fileEncoding = 4; lastKnownFileType = sourcecode.swift; path = SafetyCameraCell.swift; sourceTree = "<group>"; };
		288AC8921BCFB954004EA6A0 /* IncidentCell.swift */ = {isa = PBXFileReference; fileEncoding = 4; lastKnownFileType = sourcecode.swift; path = IncidentCell.swift; sourceTree = "<group>"; };
		28903ABD1BE62E2500EC8054 /* Reachability.swift */ = {isa = PBXFileReference; fileEncoding = 4; lastKnownFileType = sourcecode.swift; path = Reachability.swift; sourceTree = "<group>"; };
		289201D11BBC580300DA4A9A /* TrafficCameras.swift */ = {isa = PBXFileReference; fileEncoding = 4; lastKnownFileType = sourcecode.swift; path = TrafficCameras.swift; sourceTree = "<group>"; };
		289201D31BBC5AEB00DA4A9A /* FRP.swift */ = {isa = PBXFileReference; fileEncoding = 4; lastKnownFileType = sourcecode.swift; path = FRP.swift; sourceTree = "<group>"; };
		28AF4A041BD6ECD9009B0AE8 /* SearchResultCell.swift */ = {isa = PBXFileReference; fileEncoding = 4; lastKnownFileType = sourcecode.swift; path = SearchResultCell.swift; sourceTree = "<group>"; };
		28AF4A061BD82342009B0AE8 /* FadeTransition.swift */ = {isa = PBXFileReference; fileEncoding = 4; lastKnownFileType = sourcecode.swift; path = FadeTransition.swift; sourceTree = "<group>"; };
		28AF4A0A1BD849C0009B0AE8 /* PopoverContentSize.swift */ = {isa = PBXFileReference; fileEncoding = 4; lastKnownFileType = sourcecode.swift; path = PopoverContentSize.swift; sourceTree = "<group>"; };
		28BFBC5A1BBC91AA00827069 /* FRPTests.swift */ = {isa = PBXFileReference; fileEncoding = 4; lastKnownFileType = sourcecode.swift; path = FRPTests.swift; sourceTree = "<group>"; };
		28DB3BF21BC025D0001AAC2A /* Functions.swift */ = {isa = PBXFileReference; fileEncoding = 4; lastKnownFileType = sourcecode.swift; path = Functions.swift; sourceTree = "<group>"; };
		28DB3BF41BC02892001AAC2A /* SafetyCameras.swift */ = {isa = PBXFileReference; fileEncoding = 4; lastKnownFileType = sourcecode.swift; path = SafetyCameras.swift; sourceTree = "<group>"; };
		28DB3BF71BC02968001AAC2A /* Weather.swift */ = {isa = PBXFileReference; fileEncoding = 4; lastKnownFileType = sourcecode.swift; path = Weather.swift; sourceTree = "<group>"; };
		28DB3BF91BC02C88001AAC2A /* Incidents.swift */ = {isa = PBXFileReference; fileEncoding = 4; lastKnownFileType = sourcecode.swift; path = Incidents.swift; sourceTree = "<group>"; };
		28F6009E1BDB8E3E00ED71CA /* NGSplitViewController.swift */ = {isa = PBXFileReference; fileEncoding = 4; lastKnownFileType = sourcecode.swift; path = NGSplitViewController.swift; sourceTree = "<group>"; };
		710535641BCC141C00FDB70C /* UserDefaultsProtocol.swift */ = {isa = PBXFileReference; fileEncoding = 4; lastKnownFileType = sourcecode.swift; path = UserDefaultsProtocol.swift; sourceTree = "<group>"; };
		710535661BCDA81E00FDB70C /* Data */ = {isa = PBXFileReference; lastKnownFileType = folder; path = Data; sourceTree = "<group>"; };
		7105356A1BCDA83A00FDB70C /* SearchViewModelTests.swift */ = {isa = PBXFileReference; fileEncoding = 4; lastKnownFileType = sourcecode.swift; path = SearchViewModelTests.swift; sourceTree = "<group>"; };
		7105356B1BCDA83A00FDB70C /* TestAppModel.swift */ = {isa = PBXFileReference; fileEncoding = 4; lastKnownFileType = sourcecode.swift; path = TestAppModel.swift; sourceTree = "<group>"; };
		716D9E941BCA5EA1005A6B49 /* MapItemCollectionViewController.swift */ = {isa = PBXFileReference; fileEncoding = 4; lastKnownFileType = sourcecode.swift; path = MapItemCollectionViewController.swift; sourceTree = "<group>"; };
		716D9E961BCA614D005A6B49 /* MapItemCollectionViewModel.swift */ = {isa = PBXFileReference; fileEncoding = 4; lastKnownFileType = sourcecode.swift; path = MapItemCollectionViewModel.swift; sourceTree = "<group>"; };
		716D9E981BCBC2F1005A6B49 /* ScotTraffic.swift */ = {isa = PBXFileReference; fileEncoding = 4; lastKnownFileType = sourcecode.swift; path = ScotTraffic.swift; sourceTree = "<group>"; };
		718F00BE1BCEFC8000D51B43 /* BridgeStatusCell.xib */ = {isa = PBXFileReference; fileEncoding = 4; lastKnownFileType = file.xib; path = BridgeStatusCell.xib; sourceTree = "<group>"; };
		718F00BF1BCEFC8000D51B43 /* TrafficCameraCell.xib */ = {isa = PBXFileReference; fileEncoding = 4; lastKnownFileType = file.xib; path = TrafficCameraCell.xib; sourceTree = "<group>"; };
		718F00C01BCEFC8000D51B43 /* IncidentCell.xib */ = {isa = PBXFileReference; fileEncoding = 4; lastKnownFileType = file.xib; path = IncidentCell.xib; sourceTree = "<group>"; };
		718F00C11BCEFC8000D51B43 /* SafetyCameraCell.xib */ = {isa = PBXFileReference; fileEncoding = 4; lastKnownFileType = file.xib; path = SafetyCameraCell.xib; sourceTree = "<group>"; };
		718F00C81BCEFF8800D51B43 /* TrafficCameraCell.swift */ = {isa = PBXFileReference; fileEncoding = 4; lastKnownFileType = sourcecode.swift; path = TrafficCameraCell.swift; sourceTree = "<group>"; };
		718F00CA1BCF070500D51B43 /* ImageSupplier.swift */ = {isa = PBXFileReference; fileEncoding = 4; lastKnownFileType = sourcecode.swift; path = ImageSupplier.swift; sourceTree = "<group>"; };
/* End PBXFileReference section */

/* Begin PBXFrameworksBuildPhase section */
		280493521BA8BB4800990BD1 /* Frameworks */ = {
			isa = PBXFrameworksBuildPhase;
			buildActionMask = 2147483647;
			files = (
				2804865E1BC092F2003BA360 /* MapKit.framework in Frameworks */,
				2804865B1BC091C5003BA360 /* CoreLocation.framework in Frameworks */,
			);
			runOnlyForDeploymentPostprocessing = 0;
		};
		280493661BA8BB4800990BD1 /* Frameworks */ = {
			isa = PBXFrameworksBuildPhase;
			buildActionMask = 2147483647;
			files = (
			);
			runOnlyForDeploymentPostprocessing = 0;
		};
		280493711BA8BB4800990BD1 /* Frameworks */ = {
			isa = PBXFrameworksBuildPhase;
			buildActionMask = 2147483647;
			files = (
			);
			runOnlyForDeploymentPostprocessing = 0;
		};
/* End PBXFrameworksBuildPhase section */

/* Begin PBXGroup section */
		2804865C1BC091CA003BA360 /* Frameworks */ = {
			isa = PBXGroup;
			children = (
				2804865D1BC092F2003BA360 /* MapKit.framework */,
				2804865A1BC091C5003BA360 /* CoreLocation.framework */,
			);
			name = Frameworks;
			sourceTree = "<group>";
		};
		2804934C1BA8BB4800990BD1 = {
			isa = PBXGroup;
			children = (
				280493571BA8BB4800990BD1 /* ScotTraffic */,
				2804936C1BA8BB4800990BD1 /* ScotTrafficTests */,
				280493771BA8BB4800990BD1 /* ScotTrafficUITests */,
				2804865C1BC091CA003BA360 /* Frameworks */,
				280493561BA8BB4800990BD1 /* Products */,
			);
			sourceTree = "<group>";
		};
		280493561BA8BB4800990BD1 /* Products */ = {
			isa = PBXGroup;
			children = (
				280493551BA8BB4800990BD1 /* ScotTraffic.app */,
				280493691BA8BB4800990BD1 /* ScotTrafficTests.xctest */,
				280493741BA8BB4800990BD1 /* ScotTrafficUITests.xctest */,
			);
			name = Products;
			sourceTree = "<group>";
		};
		280493571BA8BB4800990BD1 /* ScotTraffic */ = {
			isa = PBXGroup;
			children = (
				289201CE1BBC570300DA4A9A /* App */,
				289201D01BBC570C00DA4A9A /* Model */,
				289201CF1BBC570800DA4A9A /* UI */,
				2804935C1BA8BB4800990BD1 /* Main.storyboard */,
				2804935F1BA8BB4800990BD1 /* Assets.xcassets */,
				280493611BA8BB4800990BD1 /* LaunchScreen.storyboard */,
				280493641BA8BB4800990BD1 /* Info.plist */,
			);
			path = ScotTraffic;
			sourceTree = "<group>";
		};
		2804936C1BA8BB4800990BD1 /* ScotTrafficTests */ = {
			isa = PBXGroup;
			children = (
				710535661BCDA81E00FDB70C /* Data */,
				710535681BCDA82300FDB70C /* Core */,
				710535691BCDA82800FDB70C /* ViewModels */,
				2804936F1BA8BB4800990BD1 /* Info.plist */,
			);
			path = ScotTrafficTests;
			sourceTree = "<group>";
		};
		280493771BA8BB4800990BD1 /* ScotTrafficUITests */ = {
			isa = PBXGroup;
			children = (
				280493781BA8BB4800990BD1 /* ScotTrafficUITests.swift */,
				2804937A1BA8BB4800990BD1 /* Info.plist */,
			);
			path = ScotTrafficUITests;
			sourceTree = "<group>";
		};
		284DE0991BBDDEB800E6A678 /* Core */ = {
			isa = PBXGroup;
			children = (
				710535641BCC141C00FDB70C /* UserDefaultsProtocol.swift */,
				284DE0951BBDCD4200E6A678 /* Either.swift */,
				289201D31BBC5AEB00DA4A9A /* FRP.swift */,
				28875EA61BBC739100E67A16 /* JSON.swift */,
				28DB3BF21BC025D0001AAC2A /* Functions.swift */,
				2813B2DC1BE655020017F847 /* DataSource.swift */,
				28875EA31BBC72FB00E67A16 /* Network.swift */,
				280486501BC08216003BA360 /* PeriodicStarter.swift */,
				2813B2D81BE647550017F847 /* DiskCache.swift */,
				2813B2DA1BE647C90017F847 /* CachedHTTPDataSource.swift */,
				2817D92C1BC5D2B70082F4A7 /* WithFlag.swift */,
				28903ABD1BE62E2500EC8054 /* Reachability.swift */,
			);
			name = Core;
			sourceTree = "<group>";
		};
		2865591B1BC312580058A35A /* Search */ = {
			isa = PBXGroup;
			children = (
				280486521BC08711003BA360 /* SearchViewController.swift */,
				280486541BC087B6003BA360 /* SearchViewModel.swift */,
				28AF4A041BD6ECD9009B0AE8 /* SearchResultCell.swift */,
			);
			name = Search;
			sourceTree = "<group>";
		};
		2865591C1BC3125E0058A35A /* Core */ = {
			isa = PBXGroup;
			children = (
				286559191BC2A7200058A35A /* FRP-UI-Extensions.swift */,
				28AF4A061BD82342009B0AE8 /* FadeTransition.swift */,
			);
			name = Core;
			sourceTree = "<group>";
		};
		2865591F1BC3180E0058A35A /* Map */ = {
			isa = PBXGroup;
			children = (
				286559201BC3182C0058A35A /* MapViewController.swift */,
				286559221BC3198D0058A35A /* MapViewModel.swift */,
				286559241BC31D020058A35A /* MapAnnotation.swift */,
				286559261BC32D880058A35A /* ImageCompositor.swift */,
				287B230C1BE511E400DBF3F1 /* ContainerAnnotationView.swift */,
			);
			name = Map;
			sourceTree = "<group>";
		};
		289201CE1BBC570300DA4A9A /* App */ = {
			isa = PBXGroup;
			children = (
				716D9E981BCBC2F1005A6B49 /* ScotTraffic.swift */,
				280493581BA8BB4800990BD1 /* AppDelegate.swift */,
				2804864E1BC074E4003BA360 /* AppErrors.swift */,
				284DE0971BBDD0D800E6A678 /* AppModel.swift */,
				2865591D1BC316590058A35A /* AppCoordinator.swift */,
				28F6009E1BDB8E3E00ED71CA /* NGSplitViewController.swift */,
				28AF4A0A1BD849C0009B0AE8 /* PopoverContentSize.swift */,
			);
			path = App;
			sourceTree = "<group>";
		};
		289201CF1BBC570800DA4A9A /* UI */ = {
			isa = PBXGroup;
			children = (
				2865591C1BC3125E0058A35A /* Core */,
				2865591B1BC312580058A35A /* Search */,
				2865591F1BC3180E0058A35A /* Map */,
				716D9E911BCA5B9F005A6B49 /* CollectionView */,
			);
			path = UI;
			sourceTree = "<group>";
		};
		289201D01BBC570C00DA4A9A /* Model */ = {
			isa = PBXGroup;
			children = (
				284DE0991BBDDEB800E6A678 /* Core */,
				280486581BC0917B003BA360 /* MapItem.swift */,
				718F00CA1BCF070500D51B43 /* ImageSupplier.swift */,
				289201D11BBC580300DA4A9A /* TrafficCameras.swift */,
				28DB3BF41BC02892001AAC2A /* SafetyCameras.swift */,
				28DB3BF91BC02C88001AAC2A /* Incidents.swift */,
				28DB3BF71BC02968001AAC2A /* Weather.swift */,
				280486561BC087F4003BA360 /* Settings.swift */,
				286559141BC1DCB70058A35A /* Favourites.swift */,
				288AC88E1BCFA43B004EA6A0 /* SharableItem.swift */,
			);
			path = Model;
			sourceTree = "<group>";
		};
		710535681BCDA82300FDB70C /* Core */ = {
			isa = PBXGroup;
			children = (
				28875EA81BBC7A2F00E67A16 /* JSONTests.swift */,
				28BFBC5A1BBC91AA00827069 /* FRPTests.swift */,
				2841A0EF1BCD9B3900D22A8E /* EitherTests.swift */,
			);
			name = Core;
			sourceTree = "<group>";
		};
		710535691BCDA82800FDB70C /* ViewModels */ = {
			isa = PBXGroup;
			children = (
				7105356B1BCDA83A00FDB70C /* TestAppModel.swift */,
				7105356A1BCDA83A00FDB70C /* SearchViewModelTests.swift */,
			);
			name = ViewModels;
			sourceTree = "<group>";
		};
		716D9E911BCA5B9F005A6B49 /* CollectionView */ = {
			isa = PBXGroup;
			children = (
				716D9E941BCA5EA1005A6B49 /* MapItemCollectionViewController.swift */,
				716D9E961BCA614D005A6B49 /* MapItemCollectionViewModel.swift */,
				288AC88C1BCFA062004EA6A0 /* MapItemCollectionViewCell.swift */,
				718F00BF1BCEFC8000D51B43 /* TrafficCameraCell.xib */,
				718F00C81BCEFF8800D51B43 /* TrafficCameraCell.swift */,
				718F00C11BCEFC8000D51B43 /* SafetyCameraCell.xib */,
				288AC8901BCFABE2004EA6A0 /* SafetyCameraCell.swift */,
				718F00C01BCEFC8000D51B43 /* IncidentCell.xib */,
				288AC8921BCFB954004EA6A0 /* IncidentCell.swift */,
				718F00BE1BCEFC8000D51B43 /* BridgeStatusCell.xib */,
			);
			name = CollectionView;
			sourceTree = "<group>";
		};
/* End PBXGroup section */

/* Begin PBXNativeTarget section */
		280493541BA8BB4800990BD1 /* ScotTraffic */ = {
			isa = PBXNativeTarget;
			buildConfigurationList = 2804937D1BA8BB4800990BD1 /* Build configuration list for PBXNativeTarget "ScotTraffic" */;
			buildPhases = (
				280493511BA8BB4800990BD1 /* Sources */,
				280493521BA8BB4800990BD1 /* Frameworks */,
				280493531BA8BB4800990BD1 /* Resources */,
			);
			buildRules = (
			);
			dependencies = (
			);
			name = ScotTraffic;
			productName = ScotTraffic;
			productReference = 280493551BA8BB4800990BD1 /* ScotTraffic.app */;
			productType = "com.apple.product-type.application";
		};
		280493681BA8BB4800990BD1 /* ScotTrafficTests */ = {
			isa = PBXNativeTarget;
			buildConfigurationList = 280493801BA8BB4800990BD1 /* Build configuration list for PBXNativeTarget "ScotTrafficTests" */;
			buildPhases = (
				280493651BA8BB4800990BD1 /* Sources */,
				280493661BA8BB4800990BD1 /* Frameworks */,
				280493671BA8BB4800990BD1 /* Resources */,
			);
			buildRules = (
			);
			dependencies = (
				2804936B1BA8BB4800990BD1 /* PBXTargetDependency */,
			);
			name = ScotTrafficTests;
			productName = ScotTrafficTests;
			productReference = 280493691BA8BB4800990BD1 /* ScotTrafficTests.xctest */;
			productType = "com.apple.product-type.bundle.unit-test";
		};
		280493731BA8BB4800990BD1 /* ScotTrafficUITests */ = {
			isa = PBXNativeTarget;
			buildConfigurationList = 280493831BA8BB4800990BD1 /* Build configuration list for PBXNativeTarget "ScotTrafficUITests" */;
			buildPhases = (
				280493701BA8BB4800990BD1 /* Sources */,
				280493711BA8BB4800990BD1 /* Frameworks */,
				280493721BA8BB4800990BD1 /* Resources */,
			);
			buildRules = (
			);
			dependencies = (
				280493761BA8BB4800990BD1 /* PBXTargetDependency */,
			);
			name = ScotTrafficUITests;
			productName = ScotTrafficUITests;
			productReference = 280493741BA8BB4800990BD1 /* ScotTrafficUITests.xctest */;
			productType = "com.apple.product-type.bundle.ui-testing";
		};
/* End PBXNativeTarget section */

/* Begin PBXProject section */
		2804934D1BA8BB4800990BD1 /* Project object */ = {
			isa = PBXProject;
			attributes = {
				LastUpgradeCheck = 0700;
				ORGANIZATIONNAME = "Neil Gall";
				TargetAttributes = {
					280493541BA8BB4800990BD1 = {
						CreatedOnToolsVersion = 7.0;
						DevelopmentTeam = TXVS4QM239;
					};
					280493681BA8BB4800990BD1 = {
						CreatedOnToolsVersion = 7.0;
						TestTargetID = 280493541BA8BB4800990BD1;
					};
					280493731BA8BB4800990BD1 = {
						CreatedOnToolsVersion = 7.0;
						TestTargetID = 280493541BA8BB4800990BD1;
					};
				};
			};
			buildConfigurationList = 280493501BA8BB4800990BD1 /* Build configuration list for PBXProject "ScotTraffic" */;
			compatibilityVersion = "Xcode 3.2";
			developmentRegion = English;
			hasScannedForEncodings = 0;
			knownRegions = (
				en,
				Base,
			);
			mainGroup = 2804934C1BA8BB4800990BD1;
			productRefGroup = 280493561BA8BB4800990BD1 /* Products */;
			projectDirPath = "";
			projectRoot = "";
			targets = (
				280493541BA8BB4800990BD1 /* ScotTraffic */,
				280493681BA8BB4800990BD1 /* ScotTrafficTests */,
				280493731BA8BB4800990BD1 /* ScotTrafficUITests */,
			);
		};
/* End PBXProject section */

/* Begin PBXResourcesBuildPhase section */
		280493531BA8BB4800990BD1 /* Resources */ = {
			isa = PBXResourcesBuildPhase;
			buildActionMask = 2147483647;
			files = (
				718F00C51BCEFC8000D51B43 /* SafetyCameraCell.xib in Resources */,
				718F00C21BCEFC8000D51B43 /* BridgeStatusCell.xib in Resources */,
				280493631BA8BB4800990BD1 /* LaunchScreen.storyboard in Resources */,
				280493601BA8BB4800990BD1 /* Assets.xcassets in Resources */,
				718F00C41BCEFC8000D51B43 /* IncidentCell.xib in Resources */,
				2804935E1BA8BB4800990BD1 /* Main.storyboard in Resources */,
				718F00C31BCEFC8000D51B43 /* TrafficCameraCell.xib in Resources */,
			);
			runOnlyForDeploymentPostprocessing = 0;
		};
		280493671BA8BB4800990BD1 /* Resources */ = {
			isa = PBXResourcesBuildPhase;
			buildActionMask = 2147483647;
			files = (
				718F00BD1BCDA8D600D51B43 /* Data in Resources */,
			);
			runOnlyForDeploymentPostprocessing = 0;
		};
		280493721BA8BB4800990BD1 /* Resources */ = {
			isa = PBXResourcesBuildPhase;
			buildActionMask = 2147483647;
			files = (
			);
			runOnlyForDeploymentPostprocessing = 0;
		};
/* End PBXResourcesBuildPhase section */

/* Begin PBXSourcesBuildPhase section */
		280493511BA8BB4800990BD1 /* Sources */ = {
			isa = PBXSourcesBuildPhase;
			buildActionMask = 2147483647;
			files = (
				288AC8911BCFABE2004EA6A0 /* SafetyCameraCell.swift in Sources */,
				284DE0961BBDCD4200E6A678 /* Either.swift in Sources */,
				2804864F1BC074E4003BA360 /* AppErrors.swift in Sources */,
				2865591A1BC2A7200058A35A /* FRP-UI-Extensions.swift in Sources */,
				28875EA41BBC72FB00E67A16 /* Network.swift in Sources */,
				28AF4A051BD6ECD9009B0AE8 /* SearchResultCell.swift in Sources */,
				718F00C91BCEFF8800D51B43 /* TrafficCameraCell.swift in Sources */,
				28DB3BF51BC02892001AAC2A /* SafetyCameras.swift in Sources */,
				280486511BC08216003BA360 /* PeriodicStarter.swift in Sources */,
				2865591E1BC316590058A35A /* AppCoordinator.swift in Sources */,
				286559271BC32D880058A35A /* ImageCompositor.swift in Sources */,
				28DB3BFA1BC02C88001AAC2A /* Incidents.swift in Sources */,
				288AC88F1BCFA43B004EA6A0 /* SharableItem.swift in Sources */,
				280486551BC087B6003BA360 /* SearchViewModel.swift in Sources */,
				288AC8931BCFB954004EA6A0 /* IncidentCell.swift in Sources */,
				718F00CB1BCF070500D51B43 /* ImageSupplier.swift in Sources */,
				286559151BC1DCB70058A35A /* Favourites.swift in Sources */,
				716D9E951BCA5EA1005A6B49 /* MapItemCollectionViewController.swift in Sources */,
				28DB3BF81BC02968001AAC2A /* Weather.swift in Sources */,
				287B230D1BE511E400DBF3F1 /* ContainerAnnotationView.swift in Sources */,
				286559231BC3198D0058A35A /* MapViewModel.swift in Sources */,
				286559211BC3182C0058A35A /* MapViewController.swift in Sources */,
				288AC88D1BCFA062004EA6A0 /* MapItemCollectionViewCell.swift in Sources */,
				2813B2D91BE647550017F847 /* DiskCache.swift in Sources */,
				710535651BCC141C00FDB70C /* UserDefaultsProtocol.swift in Sources */,
				28DB3BF31BC025D0001AAC2A /* Functions.swift in Sources */,
				280486531BC08711003BA360 /* SearchViewController.swift in Sources */,
				280486571BC087F4003BA360 /* Settings.swift in Sources */,
				289201D41BBC5AEB00DA4A9A /* FRP.swift in Sources */,
				2817D92D1BC5D2B70082F4A7 /* WithFlag.swift in Sources */,
				716D9E991BCBC2F1005A6B49 /* ScotTraffic.swift in Sources */,
				28AF4A071BD82342009B0AE8 /* FadeTransition.swift in Sources */,
				716D9E971BCA614D005A6B49 /* MapItemCollectionViewModel.swift in Sources */,
				28903ABE1BE62E2500EC8054 /* Reachability.swift in Sources */,
				28AF4A0B1BD849C0009B0AE8 /* PopoverContentSize.swift in Sources */,
				284DE0981BBDD0D800E6A678 /* AppModel.swift in Sources */,
				280486591BC0917B003BA360 /* MapItem.swift in Sources */,
				289201D21BBC580300DA4A9A /* TrafficCameras.swift in Sources */,
				28875EA71BBC739100E67A16 /* JSON.swift in Sources */,
				280493591BA8BB4800990BD1 /* AppDelegate.swift in Sources */,
				2813B2DB1BE647C90017F847 /* CachedHTTPDataSource.swift in Sources */,
				286559251BC31D020058A35A /* MapAnnotation.swift in Sources */,
				2813B2DD1BE655020017F847 /* DataSource.swift in Sources */,
				28F6009F1BDB8E3E00ED71CA /* NGSplitViewController.swift in Sources */,
			);
			runOnlyForDeploymentPostprocessing = 0;
		};
		280493651BA8BB4800990BD1 /* Sources */ = {
			isa = PBXSourcesBuildPhase;
			buildActionMask = 2147483647;
			files = (
				2841A0F01BCD9B3900D22A8E /* EitherTests.swift in Sources */,
				28BFBC5B1BBC91AA00827069 /* FRPTests.swift in Sources */,
				7105356C1BCDA83A00FDB70C /* SearchViewModelTests.swift in Sources */,
				28875EA91BBC7A2F00E67A16 /* JSONTests.swift in Sources */,
				7105356D1BCDA83A00FDB70C /* TestAppModel.swift in Sources */,
			);
			runOnlyForDeploymentPostprocessing = 0;
		};
		280493701BA8BB4800990BD1 /* Sources */ = {
			isa = PBXSourcesBuildPhase;
			buildActionMask = 2147483647;
			files = (
				280493791BA8BB4800990BD1 /* ScotTrafficUITests.swift in Sources */,
			);
			runOnlyForDeploymentPostprocessing = 0;
		};
/* End PBXSourcesBuildPhase section */

/* Begin PBXTargetDependency section */
		2804936B1BA8BB4800990BD1 /* PBXTargetDependency */ = {
			isa = PBXTargetDependency;
			target = 280493541BA8BB4800990BD1 /* ScotTraffic */;
			targetProxy = 2804936A1BA8BB4800990BD1 /* PBXContainerItemProxy */;
		};
		280493761BA8BB4800990BD1 /* PBXTargetDependency */ = {
			isa = PBXTargetDependency;
			target = 280493541BA8BB4800990BD1 /* ScotTraffic */;
			targetProxy = 280493751BA8BB4800990BD1 /* PBXContainerItemProxy */;
		};
/* End PBXTargetDependency section */

/* Begin PBXVariantGroup section */
		2804935C1BA8BB4800990BD1 /* Main.storyboard */ = {
			isa = PBXVariantGroup;
			children = (
				2804935D1BA8BB4800990BD1 /* Base */,
			);
			name = Main.storyboard;
			sourceTree = "<group>";
		};
		280493611BA8BB4800990BD1 /* LaunchScreen.storyboard */ = {
			isa = PBXVariantGroup;
			children = (
				280493621BA8BB4800990BD1 /* Base */,
			);
			name = LaunchScreen.storyboard;
			sourceTree = "<group>";
		};
/* End PBXVariantGroup section */

/* Begin XCBuildConfiguration section */
		2804937B1BA8BB4800990BD1 /* Debug */ = {
			isa = XCBuildConfiguration;
			buildSettings = {
				ALWAYS_SEARCH_USER_PATHS = NO;
				CLANG_CXX_LANGUAGE_STANDARD = "gnu++0x";
				CLANG_CXX_LIBRARY = "libc++";
				CLANG_ENABLE_MODULES = YES;
				CLANG_ENABLE_OBJC_ARC = YES;
				CLANG_WARN_BOOL_CONVERSION = YES;
				CLANG_WARN_CONSTANT_CONVERSION = YES;
				CLANG_WARN_DIRECT_OBJC_ISA_USAGE = YES_ERROR;
				CLANG_WARN_EMPTY_BODY = YES;
				CLANG_WARN_ENUM_CONVERSION = YES;
				CLANG_WARN_INT_CONVERSION = YES;
				CLANG_WARN_OBJC_ROOT_CLASS = YES_ERROR;
				CLANG_WARN_UNREACHABLE_CODE = YES;
				CLANG_WARN__DUPLICATE_METHOD_MATCH = YES;
				"CODE_SIGN_IDENTITY[sdk=iphoneos*]" = "iPhone Developer";
				COPY_PHASE_STRIP = NO;
				DEBUG_INFORMATION_FORMAT = dwarf;
				ENABLE_STRICT_OBJC_MSGSEND = YES;
				ENABLE_TESTABILITY = YES;
				GCC_C_LANGUAGE_STANDARD = gnu99;
				GCC_DYNAMIC_NO_PIC = NO;
				GCC_NO_COMMON_BLOCKS = YES;
				GCC_OPTIMIZATION_LEVEL = 0;
				GCC_PREPROCESSOR_DEFINITIONS = (
					"DEBUG=1",
					"$(inherited)",
				);
				GCC_WARN_64_TO_32_BIT_CONVERSION = YES;
				GCC_WARN_ABOUT_RETURN_TYPE = YES_ERROR;
				GCC_WARN_UNDECLARED_SELECTOR = YES;
				GCC_WARN_UNINITIALIZED_AUTOS = YES_AGGRESSIVE;
				GCC_WARN_UNUSED_FUNCTION = YES;
				GCC_WARN_UNUSED_VARIABLE = YES;
				IPHONEOS_DEPLOYMENT_TARGET = 9.0;
				MTL_ENABLE_DEBUG_INFO = YES;
				ONLY_ACTIVE_ARCH = YES;
				SDKROOT = iphoneos;
				SWIFT_OPTIMIZATION_LEVEL = "-Onone";
			};
			name = Debug;
		};
		2804937C1BA8BB4800990BD1 /* Release */ = {
			isa = XCBuildConfiguration;
			buildSettings = {
				ALWAYS_SEARCH_USER_PATHS = NO;
				CLANG_CXX_LANGUAGE_STANDARD = "gnu++0x";
				CLANG_CXX_LIBRARY = "libc++";
				CLANG_ENABLE_MODULES = YES;
				CLANG_ENABLE_OBJC_ARC = YES;
				CLANG_WARN_BOOL_CONVERSION = YES;
				CLANG_WARN_CONSTANT_CONVERSION = YES;
				CLANG_WARN_DIRECT_OBJC_ISA_USAGE = YES_ERROR;
				CLANG_WARN_EMPTY_BODY = YES;
				CLANG_WARN_ENUM_CONVERSION = YES;
				CLANG_WARN_INT_CONVERSION = YES;
				CLANG_WARN_OBJC_ROOT_CLASS = YES_ERROR;
				CLANG_WARN_UNREACHABLE_CODE = YES;
				CLANG_WARN__DUPLICATE_METHOD_MATCH = YES;
				"CODE_SIGN_IDENTITY[sdk=iphoneos*]" = "iPhone Developer";
				COPY_PHASE_STRIP = NO;
				DEBUG_INFORMATION_FORMAT = "dwarf-with-dsym";
				ENABLE_NS_ASSERTIONS = NO;
				ENABLE_STRICT_OBJC_MSGSEND = YES;
				GCC_C_LANGUAGE_STANDARD = gnu99;
				GCC_NO_COMMON_BLOCKS = YES;
				GCC_WARN_64_TO_32_BIT_CONVERSION = YES;
				GCC_WARN_ABOUT_RETURN_TYPE = YES_ERROR;
				GCC_WARN_UNDECLARED_SELECTOR = YES;
				GCC_WARN_UNINITIALIZED_AUTOS = YES_AGGRESSIVE;
				GCC_WARN_UNUSED_FUNCTION = YES;
				GCC_WARN_UNUSED_VARIABLE = YES;
				IPHONEOS_DEPLOYMENT_TARGET = 9.0;
				MTL_ENABLE_DEBUG_INFO = NO;
				SDKROOT = iphoneos;
				VALIDATE_PRODUCT = YES;
			};
			name = Release;
		};
		2804937E1BA8BB4800990BD1 /* Debug */ = {
			isa = XCBuildConfiguration;
			buildSettings = {
				ASSETCATALOG_COMPILER_APPICON_NAME = AppIcon;
				CODE_SIGN_IDENTITY = "iPhone Developer";
				"CODE_SIGN_IDENTITY[sdk=iphoneos*]" = "iPhone Developer";
				INFOPLIST_FILE = ScotTraffic/Info.plist;
				IPHONEOS_DEPLOYMENT_TARGET = 8.4;
				LD_RUNPATH_SEARCH_PATHS = "$(inherited) @executable_path/Frameworks";
				PRODUCT_BUNDLE_IDENTIFIER = uk.co.ScotTraffic;
				PRODUCT_NAME = "$(TARGET_NAME)";
				PROVISIONING_PROFILE = "";
				TARGETED_DEVICE_FAMILY = "1,2";
			};
			name = Debug;
		};
		2804937F1BA8BB4800990BD1 /* Release */ = {
			isa = XCBuildConfiguration;
			buildSettings = {
				ASSETCATALOG_COMPILER_APPICON_NAME = AppIcon;
				CODE_SIGN_IDENTITY = "iPhone Developer";
				"CODE_SIGN_IDENTITY[sdk=iphoneos*]" = "iPhone Developer";
				INFOPLIST_FILE = ScotTraffic/Info.plist;
				IPHONEOS_DEPLOYMENT_TARGET = 8.4;
				LD_RUNPATH_SEARCH_PATHS = "$(inherited) @executable_path/Frameworks";
				PRODUCT_BUNDLE_IDENTIFIER = uk.co.ScotTraffic;
				PRODUCT_NAME = "$(TARGET_NAME)";
				PROVISIONING_PROFILE = "";
				TARGETED_DEVICE_FAMILY = "1,2";
			};
			name = Release;
		};
		280493811BA8BB4800990BD1 /* Debug */ = {
			isa = XCBuildConfiguration;
			buildSettings = {
				BUNDLE_LOADER = "$(TEST_HOST)";
				INFOPLIST_FILE = ScotTrafficTests/Info.plist;
				LD_RUNPATH_SEARCH_PATHS = "$(inherited) @executable_path/Frameworks @loader_path/Frameworks";
				PRODUCT_BUNDLE_IDENTIFIER = uk.co.ScotTrafficTests;
				PRODUCT_NAME = "$(TARGET_NAME)";
				TEST_HOST = "$(BUILT_PRODUCTS_DIR)/ScotTraffic.app/ScotTraffic";
			};
			name = Debug;
		};
		280493821BA8BB4800990BD1 /* Release */ = {
			isa = XCBuildConfiguration;
			buildSettings = {
				BUNDLE_LOADER = "$(TEST_HOST)";
				INFOPLIST_FILE = ScotTrafficTests/Info.plist;
				LD_RUNPATH_SEARCH_PATHS = "$(inherited) @executable_path/Frameworks @loader_path/Frameworks";
				PRODUCT_BUNDLE_IDENTIFIER = uk.co.ScotTrafficTests;
				PRODUCT_NAME = "$(TARGET_NAME)";
				TEST_HOST = "$(BUILT_PRODUCTS_DIR)/ScotTraffic.app/ScotTraffic";
			};
			name = Release;
		};
		280493841BA8BB4800990BD1 /* Debug */ = {
			isa = XCBuildConfiguration;
			buildSettings = {
				INFOPLIST_FILE = ScotTrafficUITests/Info.plist;
				LD_RUNPATH_SEARCH_PATHS = "$(inherited) @executable_path/Frameworks @loader_path/Frameworks";
				PRODUCT_BUNDLE_IDENTIFIER = uk.co.ScotTrafficUITests;
				PRODUCT_NAME = "$(TARGET_NAME)";
				TEST_TARGET_NAME = ScotTraffic;
				USES_XCTRUNNER = YES;
			};
			name = Debug;
		};
		280493851BA8BB4800990BD1 /* Release */ = {
			isa = XCBuildConfiguration;
			buildSettings = {
				INFOPLIST_FILE = ScotTrafficUITests/Info.plist;
				LD_RUNPATH_SEARCH_PATHS = "$(inherited) @executable_path/Frameworks @loader_path/Frameworks";
				PRODUCT_BUNDLE_IDENTIFIER = uk.co.ScotTrafficUITests;
				PRODUCT_NAME = "$(TARGET_NAME)";
				TEST_TARGET_NAME = ScotTraffic;
				USES_XCTRUNNER = YES;
			};
			name = Release;
		};
/* End XCBuildConfiguration section */

/* Begin XCConfigurationList section */
		280493501BA8BB4800990BD1 /* Build configuration list for PBXProject "ScotTraffic" */ = {
			isa = XCConfigurationList;
			buildConfigurations = (
				2804937B1BA8BB4800990BD1 /* Debug */,
				2804937C1BA8BB4800990BD1 /* Release */,
			);
			defaultConfigurationIsVisible = 0;
			defaultConfigurationName = Release;
		};
		2804937D1BA8BB4800990BD1 /* Build configuration list for PBXNativeTarget "ScotTraffic" */ = {
			isa = XCConfigurationList;
			buildConfigurations = (
				2804937E1BA8BB4800990BD1 /* Debug */,
				2804937F1BA8BB4800990BD1 /* Release */,
			);
			defaultConfigurationIsVisible = 0;
			defaultConfigurationName = Release;
		};
		280493801BA8BB4800990BD1 /* Build configuration list for PBXNativeTarget "ScotTrafficTests" */ = {
			isa = XCConfigurationList;
			buildConfigurations = (
				280493811BA8BB4800990BD1 /* Debug */,
				280493821BA8BB4800990BD1 /* Release */,
			);
			defaultConfigurationIsVisible = 0;
			defaultConfigurationName = Release;
		};
		280493831BA8BB4800990BD1 /* Build configuration list for PBXNativeTarget "ScotTrafficUITests" */ = {
			isa = XCConfigurationList;
			buildConfigurations = (
				280493841BA8BB4800990BD1 /* Debug */,
				280493851BA8BB4800990BD1 /* Release */,
			);
			defaultConfigurationIsVisible = 0;
			defaultConfigurationName = Release;
		};
/* End XCConfigurationList section */
	};
	rootObject = 2804934D1BA8BB4800990BD1 /* Project object */;
}
